{
  "name": "dnd",
  "version": "1.0.0",
  "lockfileVersion": 3,
  "requires": true,
  "packages": {
    "": {
      "name": "dnd",
      "version": "1.0.0",
      "license": "MIT",
      "dependencies": {
        "interactjs": "^1.10.18",
        "typescript": "^5.2.2"
      }
    },
    "node_modules/@interactjs/types": {
      "version": "1.10.18",
      "resolved": "https://registry.npmjs.org/@interactjs/types/-/types-1.10.18.tgz",
      "integrity": "sha512-3a+2Kx6PhA60ekxImRQJl+EyT4lD0/kd3/PveyaLtgfNxkxnSWdUq7Ixo3Y/t1lon4EqVGZQgp+qj/QNaEs6qA=="
    },
    "node_modules/interactjs": {
      "version": "1.10.18",
      "resolved": "https://registry.npmjs.org/interactjs/-/interactjs-1.10.18.tgz",
      "integrity": "sha512-ho+Qgr5U3b3oz23Iv7MkIZGoWaTsSCRnrCL34Dtjzs5eFghwpESJeiPj9RhYKc/SgRJL9anR+2OQxFsCg4PmLA==",
      "dependencies": {
        "@interactjs/types": "1.10.18"
      }
    },
    "node_modules/typescript": {
      "version": "5.2.2",
      "resolved": "https://registry.npmjs.org/typescript/-/typescript-5.2.2.tgz",
      "integrity": "sha512-mI4WrpHsbCIcwT9cF4FZvr80QUeKvsUsUvKDoR+X/7XHQH98xYD8YHZg7ANtz2GtZt/CBq2QJ0thkGJMHfqc1w==",
      "bin": {
        "tsc": "bin/tsc",
        "tsserver": "bin/tsserver"
      },
      "engines": {
        "node": ">=14.17"
      }
    }
  }
}
